
Microsoft Visual Studio Solution File, Format Version 12.00
# Visual Studio 14
VisualStudioVersion = 14.0.25420.1
MinimumVisualStudioVersion = 10.0.40219.1
Project("{FAE04EC0-301F-11D3-BF4B-00C04F79EFBC}") = "Aero.Cryptography.Test", "Aero.Cryptography.Test\Aero.Cryptography.Test.csproj", "{4E646975-D1C5-4F3C-84EA-0935BCFCEDB4}"
EndProject
Project("{FAE04EC0-301F-11D3-BF4B-00C04F79EFBC}") = "Aero.Cryptography", "Aero.Cryptography\Aero.Cryptography.csproj", "{58B2E53E-3EBF-4D7A-9C5B-62D33A77A10E}"
EndProject
Global
	GlobalSection(SolutionConfigurationPlatforms) = preSolution
		Debug|Any CPU = Debug|Any CPU
		Release|Any CPU = Release|Any CPU
	EndGlobalSection
	GlobalSection(ProjectConfigurationPlatforms) = postSolution
		{4E646975-D1C5-4F3C-84EA-0935BCFCEDB4}.Debug|Any CPU.ActiveCfg = Debug|Any CPU
		{4E646975-D1C5-4F3C-84EA-0935BCFCEDB4}.Debug|Any CPU.Build.0 = Debug|Any CPU
		{4E646975-D1C5-4F3C-84EA-0935BCFCEDB4}.Release|Any CPU.ActiveCfg = Release|Any CPU
		{4E646975-D1C5-4F3C-84EA-0935BCFCEDB4}.Release|Any CPU.Build.0 = Release|Any CPU
		{58B2E53E-3EBF-4D7A-9C5B-62D33A77A10E}.Debug|Any CPU.ActiveCfg = Debug|Any CPU
		{58B2E53E-3EBF-4D7A-9C5B-62D33A77A10E}.Debug|Any CPU.Build.0 = Debug|Any CPU
		{58B2E53E-3EBF-4D7A-9C5B-62D33A77A10E}.Release|Any CPU.ActiveCfg = Release|Any CPU
		{58B2E53E-3EBF-4D7A-9C5B-62D33A77A10E}.Release|Any CPU.Build.0 = Release|Any CPU
	EndGlobalSection
	GlobalSection(SolutionProperties) = preSolution
		HideSolutionNode = FALSE
	EndGlobalSection
EndGlobal
